
Microsoft Visual Studio Solution File, Format Version 12.00
# Visual Studio Version 17
VisualStudioVersion = 17.14.36518.9 d17.14
MinimumVisualStudioVersion = 10.0.40219.1
Project("{2150E333-8FDC-42A3-9474-1A3956D46DE8}") = "Task0", "Task0", "{36D591C7-65C7-A0D1-1CBC-10CDE441BDC8}"
EndProject
Project("{FAE04EC0-301F-11D3-BF4B-00C04F79EFBC}") = "Tyuiu.SushchikIA.Sprint4.Task0.V21.Test", "Tyuiu.SushchikIA.Sprint4.Task0.V21.Test\Tyuiu.SushchikIA.Sprint4.Task0.V21.Test.csproj", "{C1AD5EE5-5437-4A1F-B5B0-3811B51B4D1B}"
EndProject
Project("{FAE04EC0-301F-11D3-BF4B-00C04F79EFBC}") = "Tyuiu.SushchikIA.Sprint4.Task0.V21", "Tyuiu.SushchikIA.Sprint4.Task0.V21\Tyuiu.SushchikIA.Sprint4.Task0.V21.csproj", "{FF7931F3-5CCD-4C7A-B208-AE1BD87134C7}"
EndProject
Project("{FAE04EC0-301F-11D3-BF4B-00C04F79EFBC}") = "Tyuiu.SushchikIA.Sprint4.Task0.V21.Lib", "Tyuiu.SushchikIA.Sprint4.Task0.V21.Lib\Tyuiu.SushchikIA.Sprint4.Task0.V21.Lib.csproj", "{65E93867-3228-4723-BA06-4737495EA941}"
EndProject
Project("{2150E333-8FDC-42A3-9474-1A3956D46DE8}") = "Task1", "Task1", "{0413F2D4-6BD7-4C55-A984-8BFEFFD1A158}"
EndProject
Project("{FAE04EC0-301F-11D3-BF4B-00C04F79EFBC}") = "Tyuiu.SushchikIA.Sprint4.Task1.V3.Lib", "Tyuiu.SushchikIA.Sprint4.Task1.V3.Lib\Tyuiu.SushchikIA.Sprint4.Task1.V3.Lib.csproj", "{49574507-DFD9-46E3-8429-127C6BD35D6F}"
EndProject
Project("{FAE04EC0-301F-11D3-BF4B-00C04F79EFBC}") = "Tyuiu.SushchikIA.Sprint4.Task1.V3", "Tyuiu.SushchikIA.Sprint4.Task1.V3\Tyuiu.SushchikIA.Sprint4.Task1.V3.csproj", "{E81AA0FE-EB54-40D0-8AB1-065D9099A878}"
EndProject
Project("{FAE04EC0-301F-11D3-BF4B-00C04F79EFBC}") = "Tyuiu.SushchikIA.Sprint4.Task1.V3.Test", "Tyuiu.SushchikIA.Sprint4.Task1.V3.Test\Tyuiu.SushchikIA.Sprint4.Task1.V3.Test.csproj", "{9697D4C0-BDAA-41E6-AD33-087B7E126F00}"
EndProject
Project("{2150E333-8FDC-42A3-9474-1A3956D46DE8}") = "Task4", "Task4", "{C8711374-A237-4E4E-81FE-2F201C25C84B}"
EndProject
Project("{FAE04EC0-301F-11D3-BF4B-00C04F79EFBC}") = "Tyuiu.SushchikIA.Sprint4.Task4.V30.Lib", "Tyuiu.SushchikIA.Sprint4.Task4.V30.Lib\Tyuiu.SushchikIA.Sprint4.Task4.V30.Lib.csproj", "{EABEC432-C13A-4CDE-BBE7-3E19316088C7}"
EndProject
Project("{FAE04EC0-301F-11D3-BF4B-00C04F79EFBC}") = "Tyuiu.SushchikIA.Sprint4.Task4.V30.Test", "Tyuiu.SushchikIA.Sprint4.Task4.V30.Test\Tyuiu.SushchikIA.Sprint4.Task4.V30.Test.csproj", "{C4468FEA-924F-40E6-ACC7-6DE33F33F365}"
EndProject
Project("{FAE04EC0-301F-11D3-BF4B-00C04F79EFBC}") = "Tyuiu.SushchikIA.Sprint4.Task4.V30", "Tyuiu.SushchikIA.Sprint4.Task4.V30\Tyuiu.SushchikIA.Sprint4.Task4.V30.csproj", "{D2C60B43-9F30-49EB-8CCA-779E638245A9}"
EndProject
Project("{2150E333-8FDC-42A3-9474-1A3956D46DE8}") = "Task5", "Task5", "{72860FB2-CCF1-47B3-A750-C7D49EFA6C1B}"
EndProject
Project("{FAE04EC0-301F-11D3-BF4B-00C04F79EFBC}") = "Tyuiu.SushchikIA.Sprint4.Task5.V26", "Tyuiu.SushchikIA.Sprint4.Task5.V26\Tyuiu.SushchikIA.Sprint4.Task5.V26.csproj", "{F953A948-BE82-44EB-A974-905D00EA15D2}"
EndProject
Project("{FAE04EC0-301F-11D3-BF4B-00C04F79EFBC}") = "Tyuiu.SushchikIA.Sprint4.Task5.V26.Test", "Tyuiu.SushchikIA.Sprint4.Task5.V26.Test\Tyuiu.SushchikIA.Sprint4.Task5.V26.Test.csproj", "{A3F68C2A-4173-4FE2-B305-44AD8B22D671}"
EndProject
Project("{FAE04EC0-301F-11D3-BF4B-00C04F79EFBC}") = "Tyuiu.SushchikIA.Sprint4.Task5.V26.Lib", "Tyuiu.SushchikIA.Sprint4.Task5.V26.Lib\Tyuiu.SushchikIA.Sprint4.Task5.V26.Lib.csproj", "{2D9E5AB6-27F7-4CFD-879E-6991184B985A}"
EndProject
Project("{2150E333-8FDC-42A3-9474-1A3956D46DE8}") = "Task6", "Task6", "{325B5BFE-0D39-436F-AD2C-A3601312BA90}"
EndProject
Project("{FAE04EC0-301F-11D3-BF4B-00C04F79EFBC}") = "Tyuiu.SushchikIA.Sprint4.Task6.V22.Lib", "Tyuiu.SushchikIA.Sprint4.Task6.V22.Lib\Tyuiu.SushchikIA.Sprint4.Task6.V22.Lib.csproj", "{72EA1223-9A95-4E69-B004-F6002DD0B232}"
EndProject
Project("{FAE04EC0-301F-11D3-BF4B-00C04F79EFBC}") = "Tyuiu.SushchikIA.Sprint4.Task6.V22", "Tyuiu.SushchikIA.Sprint4.Task6.V22\Tyuiu.SushchikIA.Sprint4.Task6.V22.csproj", "{57772E73-2658-422C-91C6-A23E709F850B}"
EndProject
Project("{FAE04EC0-301F-11D3-BF4B-00C04F79EFBC}") = "Tyuiu.SushchikIA.Sprint4.Task6.V22.Test", "Tyuiu.SushchikIA.Sprint4.Task6.V22.Test\Tyuiu.SushchikIA.Sprint4.Task6.V22.Test.csproj", "{08403726-E815-4EDA-A734-D0148626CDC5}"
EndProject
Project("{2150E333-8FDC-42A3-9474-1A3956D46DE8}") = "Task7", "Task7", "{8CA8CCC1-4117-4EB9-BAE5-65058A9BE41E}"
EndProject
Project("{FAE04EC0-301F-11D3-BF4B-00C04F79EFBC}") = "Tyuiu.SushchikIA.Sprint4.Task7.V20.Test", "Tyuiu.SushchikIA.Sprint4.Task7.V20.Test\Tyuiu.SushchikIA.Sprint4.Task7.V20.Test.csproj", "{75FB692B-4BB6-44EE-B57A-A0594CE16DCD}"
EndProject
Project("{FAE04EC0-301F-11D3-BF4B-00C04F79EFBC}") = "Tyuiu.SushchikIA.Sprint4.Task7.V20", "Tyuiu.SushchikIA.Sprint4.Task7.V20\Tyuiu.SushchikIA.Sprint4.Task7.V20.csproj", "{5D1A7DF7-FBFB-4677-BFB3-4743F1D5B142}"
EndProject
Project("{FAE04EC0-301F-11D3-BF4B-00C04F79EFBC}") = "Tyuiu.SushchikIA.Sprint4.Task7.V20.Lib", "Tyuiu.SushchikIA.Sprint4.Task7.V20.Lib\Tyuiu.SushchikIA.Sprint4.Task7.V20.Lib.csproj", "{65B3B03F-4724-4068-BD74-98AD36BF0A64}"
EndProject
Project("{2150E333-8FDC-42A3-9474-1A3956D46DE8}") = "Task2", "Task2", "{18AF48FD-A14F-40AC-890D-27116502E4A0}"
EndProject
Project("{FAE04EC0-301F-11D3-BF4B-00C04F79EFBC}") = "Tyuiu.SushchikIA.Sprint4.Task2.V27", "Tyuiu.SushchikIA.Sprint4.Task2.V27\Tyuiu.SushchikIA.Sprint4.Task2.V27.csproj", "{A123FADA-97B1-4D74-B956-E8AA439E09DD}"
EndProject
Project("{FAE04EC0-301F-11D3-BF4B-00C04F79EFBC}") = "Tyuiu.SushchikIA.Sprint4.Task2.V27.Test", "Tyuiu.SushchikIA.Sprint4.Task2.V27.Test\Tyuiu.SushchikIA.Sprint4.Task2.V27.Test.csproj", "{95634D36-3949-409D-96AD-FCD88F741088}"
EndProject
Project("{FAE04EC0-301F-11D3-BF4B-00C04F79EFBC}") = "Tyuiu.SushchikIA.Sprint4.Task2.V27.Lib", "Tyuiu.SushchikIA.Sprint4.Task2.V27.Lib\Tyuiu.SushchikIA.Sprint4.Task2.V27.Lib.csproj", "{D7998461-197D-4B26-BA56-4F63B2522DA0}"
EndProject
Global
	GlobalSection(SolutionConfigurationPlatforms) = preSolution
		Debug|Any CPU = Debug|Any CPU
		Release|Any CPU = Release|Any CPU
	EndGlobalSection
	GlobalSection(ProjectConfigurationPlatforms) = postSolution
		{C1AD5EE5-5437-4A1F-B5B0-3811B51B4D1B}.Debug|Any CPU.ActiveCfg = Debug|Any CPU
		{C1AD5EE5-5437-4A1F-B5B0-3811B51B4D1B}.Debug|Any CPU.Build.0 = Debug|Any CPU
		{C1AD5EE5-5437-4A1F-B5B0-3811B51B4D1B}.Release|Any CPU.ActiveCfg = Release|Any CPU
		{C1AD5EE5-5437-4A1F-B5B0-3811B51B4D1B}.Release|Any CPU.Build.0 = Release|Any CPU
		{FF7931F3-5CCD-4C7A-B208-AE1BD87134C7}.Debug|Any CPU.ActiveCfg = Debug|Any CPU
		{FF7931F3-5CCD-4C7A-B208-AE1BD87134C7}.Debug|Any CPU.Build.0 = Debug|Any CPU
		{FF7931F3-5CCD-4C7A-B208-AE1BD87134C7}.Release|Any CPU.ActiveCfg = Release|Any CPU
		{FF7931F3-5CCD-4C7A-B208-AE1BD87134C7}.Release|Any CPU.Build.0 = Release|Any CPU
		{65E93867-3228-4723-BA06-4737495EA941}.Debug|Any CPU.ActiveCfg = Debug|Any CPU
		{65E93867-3228-4723-BA06-4737495EA941}.Debug|Any CPU.Build.0 = Debug|Any CPU
		{65E93867-3228-4723-BA06-4737495EA941}.Release|Any CPU.ActiveCfg = Release|Any CPU
		{65E93867-3228-4723-BA06-4737495EA941}.Release|Any CPU.Build.0 = Release|Any CPU
		{49574507-DFD9-46E3-8429-127C6BD35D6F}.Debug|Any CPU.ActiveCfg = Debug|Any CPU
		{49574507-DFD9-46E3-8429-127C6BD35D6F}.Debug|Any CPU.Build.0 = Debug|Any CPU
		{49574507-DFD9-46E3-8429-127C6BD35D6F}.Release|Any CPU.ActiveCfg = Release|Any CPU
		{49574507-DFD9-46E3-8429-127C6BD35D6F}.Release|Any CPU.Build.0 = Release|Any CPU
		{E81AA0FE-EB54-40D0-8AB1-065D9099A878}.Debug|Any CPU.ActiveCfg = Debug|Any CPU
		{E81AA0FE-EB54-40D0-8AB1-065D9099A878}.Debug|Any CPU.Build.0 = Debug|Any CPU
		{E81AA0FE-EB54-40D0-8AB1-065D9099A878}.Release|Any CPU.ActiveCfg = Release|Any CPU
		{E81AA0FE-EB54-40D0-8AB1-065D9099A878}.Release|Any CPU.Build.0 = Release|Any CPU
		{9697D4C0-BDAA-41E6-AD33-087B7E126F00}.Debug|Any CPU.ActiveCfg = Debug|Any CPU
		{9697D4C0-BDAA-41E6-AD33-087B7E126F00}.Debug|Any CPU.Build.0 = Debug|Any CPU
		{9697D4C0-BDAA-41E6-AD33-087B7E126F00}.Release|Any CPU.ActiveCfg = Release|Any CPU
		{9697D4C0-BDAA-41E6-AD33-087B7E126F00}.Release|Any CPU.Build.0 = Release|Any CPU
		{EABEC432-C13A-4CDE-BBE7-3E19316088C7}.Debug|Any CPU.ActiveCfg = Debug|Any CPU
		{EABEC432-C13A-4CDE-BBE7-3E19316088C7}.Debug|Any CPU.Build.0 = Debug|Any CPU
		{EABEC432-C13A-4CDE-BBE7-3E19316088C7}.Release|Any CPU.ActiveCfg = Release|Any CPU
		{EABEC432-C13A-4CDE-BBE7-3E19316088C7}.Release|Any CPU.Build.0 = Release|Any CPU
		{C4468FEA-924F-40E6-ACC7-6DE33F33F365}.Debug|Any CPU.ActiveCfg = Debug|Any CPU
		{C4468FEA-924F-40E6-ACC7-6DE33F33F365}.Debug|Any CPU.Build.0 = Debug|Any CPU
		{C4468FEA-924F-40E6-ACC7-6DE33F33F365}.Release|Any CPU.ActiveCfg = Release|Any CPU
		{C4468FEA-924F-40E6-ACC7-6DE33F33F365}.Release|Any CPU.Build.0 = Release|Any CPU
		{D2C60B43-9F30-49EB-8CCA-779E638245A9}.Debug|Any CPU.ActiveCfg = Debug|Any CPU
		{D2C60B43-9F30-49EB-8CCA-779E638245A9}.Debug|Any CPU.Build.0 = Debug|Any CPU
		{D2C60B43-9F30-49EB-8CCA-779E638245A9}.Release|Any CPU.ActiveCfg = Release|Any CPU
		{D2C60B43-9F30-49EB-8CCA-779E638245A9}.Release|Any CPU.Build.0 = Release|Any CPU
		{F953A948-BE82-44EB-A974-905D00EA15D2}.Debug|Any CPU.ActiveCfg = Debug|Any CPU
		{F953A948-BE82-44EB-A974-905D00EA15D2}.Debug|Any CPU.Build.0 = Debug|Any CPU
		{F953A948-BE82-44EB-A974-905D00EA15D2}.Release|Any CPU.ActiveCfg = Release|Any CPU
		{F953A948-BE82-44EB-A974-905D00EA15D2}.Release|Any CPU.Build.0 = Release|Any CPU
		{A3F68C2A-4173-4FE2-B305-44AD8B22D671}.Debug|Any CPU.ActiveCfg = Debug|Any CPU
		{A3F68C2A-4173-4FE2-B305-44AD8B22D671}.Debug|Any CPU.Build.0 = Debug|Any CPU
		{A3F68C2A-4173-4FE2-B305-44AD8B22D671}.Release|Any CPU.ActiveCfg = Release|Any CPU
		{A3F68C2A-4173-4FE2-B305-44AD8B22D671}.Release|Any CPU.Build.0 = Release|Any CPU
		{2D9E5AB6-27F7-4CFD-879E-6991184B985A}.Debug|Any CPU.ActiveCfg = Debug|Any CPU
		{2D9E5AB6-27F7-4CFD-879E-6991184B985A}.Debug|Any CPU.Build.0 = Debug|Any CPU
		{2D9E5AB6-27F7-4CFD-879E-6991184B985A}.Release|Any CPU.ActiveCfg = Release|Any CPU
		{2D9E5AB6-27F7-4CFD-879E-6991184B985A}.Release|Any CPU.Build.0 = Release|Any CPU
		{72EA1223-9A95-4E69-B004-F6002DD0B232}.Debug|Any CPU.ActiveCfg = Debug|Any CPU
		{72EA1223-9A95-4E69-B004-F6002DD0B232}.Debug|Any CPU.Build.0 = Debug|Any CPU
		{72EA1223-9A95-4E69-B004-F6002DD0B232}.Release|Any CPU.ActiveCfg = Release|Any CPU
		{72EA1223-9A95-4E69-B004-F6002DD0B232}.Release|Any CPU.Build.0 = Release|Any CPU
		{57772E73-2658-422C-91C6-A23E709F850B}.Debug|Any CPU.ActiveCfg = Debug|Any CPU
		{57772E73-2658-422C-91C6-A23E709F850B}.Debug|Any CPU.Build.0 = Debug|Any CPU
		{57772E73-2658-422C-91C6-A23E709F850B}.Release|Any CPU.ActiveCfg = Release|Any CPU
		{57772E73-2658-422C-91C6-A23E709F850B}.Release|Any CPU.Build.0 = Release|Any CPU
		{08403726-E815-4EDA-A734-D0148626CDC5}.Debug|Any CPU.ActiveCfg = Debug|Any CPU
		{08403726-E815-4EDA-A734-D0148626CDC5}.Debug|Any CPU.Build.0 = Debug|Any CPU
		{08403726-E815-4EDA-A734-D0148626CDC5}.Release|Any CPU.ActiveCfg = Release|Any CPU
		{08403726-E815-4EDA-A734-D0148626CDC5}.Release|Any CPU.Build.0 = Release|Any CPU
		{75FB692B-4BB6-44EE-B57A-A0594CE16DCD}.Debug|Any CPU.ActiveCfg = Debug|Any CPU
		{75FB692B-4BB6-44EE-B57A-A0594CE16DCD}.Debug|Any CPU.Build.0 = Debug|Any CPU
		{75FB692B-4BB6-44EE-B57A-A0594CE16DCD}.Release|Any CPU.ActiveCfg = Release|Any CPU
		{75FB692B-4BB6-44EE-B57A-A0594CE16DCD}.Release|Any CPU.Build.0 = Release|Any CPU
		{5D1A7DF7-FBFB-4677-BFB3-4743F1D5B142}.Debug|Any CPU.ActiveCfg = Debug|Any CPU
		{5D1A7DF7-FBFB-4677-BFB3-4743F1D5B142}.Debug|Any CPU.Build.0 = Debug|Any CPU
		{5D1A7DF7-FBFB-4677-BFB3-4743F1D5B142}.Release|Any CPU.ActiveCfg = Release|Any CPU
		{5D1A7DF7-FBFB-4677-BFB3-4743F1D5B142}.Release|Any CPU.Build.0 = Release|Any CPU
		{65B3B03F-4724-4068-BD74-98AD36BF0A64}.Debug|Any CPU.ActiveCfg = Debug|Any CPU
		{65B3B03F-4724-4068-BD74-98AD36BF0A64}.Debug|Any CPU.Build.0 = Debug|Any CPU
		{65B3B03F-4724-4068-BD74-98AD36BF0A64}.Release|Any CPU.ActiveCfg = Release|Any CPU
		{65B3B03F-4724-4068-BD74-98AD36BF0A64}.Release|Any CPU.Build.0 = Release|Any CPU
		{A123FADA-97B1-4D74-B956-E8AA439E09DD}.Debug|Any CPU.ActiveCfg = Debug|Any CPU
		{A123FADA-97B1-4D74-B956-E8AA439E09DD}.Debug|Any CPU.Build.0 = Debug|Any CPU
		{A123FADA-97B1-4D74-B956-E8AA439E09DD}.Release|Any CPU.ActiveCfg = Release|Any CPU
		{A123FADA-97B1-4D74-B956-E8AA439E09DD}.Release|Any CPU.Build.0 = Release|Any CPU
		{95634D36-3949-409D-96AD-FCD88F741088}.Debug|Any CPU.ActiveCfg = Debug|Any CPU
		{95634D36-3949-409D-96AD-FCD88F741088}.Debug|Any CPU.Build.0 = Debug|Any CPU
		{95634D36-3949-409D-96AD-FCD88F741088}.Release|Any CPU.ActiveCfg = Release|Any CPU
		{95634D36-3949-409D-96AD-FCD88F741088}.Release|Any CPU.Build.0 = Release|Any CPU
		{D7998461-197D-4B26-BA56-4F63B2522DA0}.Debug|Any CPU.ActiveCfg = Debug|Any CPU
		{D7998461-197D-4B26-BA56-4F63B2522DA0}.Debug|Any CPU.Build.0 = Debug|Any CPU
		{D7998461-197D-4B26-BA56-4F63B2522DA0}.Release|Any CPU.ActiveCfg = Release|Any CPU
		{D7998461-197D-4B26-BA56-4F63B2522DA0}.Release|Any CPU.Build.0 = Release|Any CPU
	EndGlobalSection
	GlobalSection(SolutionProperties) = preSolution
		HideSolutionNode = FALSE
	EndGlobalSection
	GlobalSection(NestedProjects) = preSolution
		{C1AD5EE5-5437-4A1F-B5B0-3811B51B4D1B} = {36D591C7-65C7-A0D1-1CBC-10CDE441BDC8}
		{FF7931F3-5CCD-4C7A-B208-AE1BD87134C7} = {36D591C7-65C7-A0D1-1CBC-10CDE441BDC8}
		{65E93867-3228-4723-BA06-4737495EA941} = {36D591C7-65C7-A0D1-1CBC-10CDE441BDC8}
		{49574507-DFD9-46E3-8429-127C6BD35D6F} = {0413F2D4-6BD7-4C55-A984-8BFEFFD1A158}
		{E81AA0FE-EB54-40D0-8AB1-065D9099A878} = {0413F2D4-6BD7-4C55-A984-8BFEFFD1A158}
		{9697D4C0-BDAA-41E6-AD33-087B7E126F00} = {0413F2D4-6BD7-4C55-A984-8BFEFFD1A158}
		{EABEC432-C13A-4CDE-BBE7-3E19316088C7} = {C8711374-A237-4E4E-81FE-2F201C25C84B}
		{C4468FEA-924F-40E6-ACC7-6DE33F33F365} = {C8711374-A237-4E4E-81FE-2F201C25C84B}
		{D2C60B43-9F30-49EB-8CCA-779E638245A9} = {C8711374-A237-4E4E-81FE-2F201C25C84B}
		{F953A948-BE82-44EB-A974-905D00EA15D2} = {72860FB2-CCF1-47B3-A750-C7D49EFA6C1B}
		{A3F68C2A-4173-4FE2-B305-44AD8B22D671} = {72860FB2-CCF1-47B3-A750-C7D49EFA6C1B}
		{2D9E5AB6-27F7-4CFD-879E-6991184B985A} = {72860FB2-CCF1-47B3-A750-C7D49EFA6C1B}
		{72EA1223-9A95-4E69-B004-F6002DD0B232} = {325B5BFE-0D39-436F-AD2C-A3601312BA90}
		{57772E73-2658-422C-91C6-A23E709F850B} = {325B5BFE-0D39-436F-AD2C-A3601312BA90}
		{08403726-E815-4EDA-A734-D0148626CDC5} = {325B5BFE-0D39-436F-AD2C-A3601312BA90}
		{75FB692B-4BB6-44EE-B57A-A0594CE16DCD} = {8CA8CCC1-4117-4EB9-BAE5-65058A9BE41E}
		{5D1A7DF7-FBFB-4677-BFB3-4743F1D5B142} = {8CA8CCC1-4117-4EB9-BAE5-65058A9BE41E}
		{65B3B03F-4724-4068-BD74-98AD36BF0A64} = {8CA8CCC1-4117-4EB9-BAE5-65058A9BE41E}
		{A123FADA-97B1-4D74-B956-E8AA439E09DD} = {18AF48FD-A14F-40AC-890D-27116502E4A0}
		{95634D36-3949-409D-96AD-FCD88F741088} = {18AF48FD-A14F-40AC-890D-27116502E4A0}
		{D7998461-197D-4B26-BA56-4F63B2522DA0} = {18AF48FD-A14F-40AC-890D-27116502E4A0}
	EndGlobalSection
	GlobalSection(ExtensibilityGlobals) = postSolution
		SolutionGuid = {6C984B7C-50EC-417F-9D03-08FF708967D5}
	EndGlobalSection
EndGlobal
